// !$*UTF8*$!
{
	archiveVersion = 1;
	classes = {
	};
	objectVersion = 46;
	objects = {

/* Begin PBXBuildFile section */
		0086C0CE1FAA70CC0089BBE1 /* Imperio.framework in Frameworks */ = {isa = PBXBuildFile; fileRef = A14E0B1F1E1F9ECC00DFC788 /* Imperio.framework */; };
		0086C0CF1FAA70CC0089BBE1 /* Imperio.framework in Embed Frameworks */ = {isa = PBXBuildFile; fileRef = A14E0B1F1E1F9ECC00DFC788 /* Imperio.framework */; settings = {ATTRIBUTES = (CodeSignOnCopy, RemoveHeadersOnCopy, ); }; };
		0086C0D41FAA70F00089BBE1 /* ImagePickerFlowController.swift in Sources */ = {isa = PBXBuildFile; fileRef = 0086C0D31FAA70F00089BBE1 /* ImagePickerFlowController.swift */; };
		0086C0D61FAA71300089BBE1 /* TutorialFlowController.swift in Sources */ = {isa = PBXBuildFile; fileRef = 0086C0D51FAA71300089BBE1 /* TutorialFlowController.swift */; };
		0086C0DF1FAA725E0089BBE1 /* Main.storyboard in Resources */ = {isa = PBXBuildFile; fileRef = 0086C0DE1FAA725E0089BBE1 /* Main.storyboard */; };
		0086C0E11FAA72700089BBE1 /* MainViewController.swift in Sources */ = {isa = PBXBuildFile; fileRef = 0086C0E01FAA72700089BBE1 /* MainViewController.swift */; };
		0086C0E41FAA73CB0089BBE1 /* MainFlowController.swift in Sources */ = {isa = PBXBuildFile; fileRef = 0086C0E31FAA73CB0089BBE1 /* MainFlowController.swift */; };
		0086C0E51FAA74360089BBE1 /* AppDelegate.swift in Sources */ = {isa = PBXBuildFile; fileRef = 0086C0CA1FAA70550089BBE1 /* AppDelegate.swift */; };
		0086C0E61FAA743D0089BBE1 /* LaunchScreen.storyboard in Resources */ = {isa = PBXBuildFile; fileRef = 0086C0C61FAA70550089BBE1 /* LaunchScreen.storyboard */; };
		0086C0E71FAA74490089BBE1 /* Assets.xcassets in Resources */ = {isa = PBXBuildFile; fileRef = 0086C0C51FAA70550089BBE1 /* Assets.xcassets */; };
		0086C0E91FAA7C770089BBE1 /* InitialFlowController.swift in Sources */ = {isa = PBXBuildFile; fileRef = 0086C0E81FAA7C770089BBE1 /* InitialFlowController.swift */; };
		0086C0EA1FAA7C770089BBE1 /* InitialFlowController.swift in Sources */ = {isa = PBXBuildFile; fileRef = 0086C0E81FAA7C770089BBE1 /* InitialFlowController.swift */; };
		0086C0ED1FAA82DE0089BBE1 /* Page1ViewController.swift in Sources */ = {isa = PBXBuildFile; fileRef = 0086C0EB1FAA82DE0089BBE1 /* Page1ViewController.swift */; };
		0086C0EE1FAA82DE0089BBE1 /* Page1ViewController.xib in Resources */ = {isa = PBXBuildFile; fileRef = 0086C0EC1FAA82DE0089BBE1 /* Page1ViewController.xib */; };
		0086C0F11FAA82EE0089BBE1 /* Page2ViewController.swift in Sources */ = {isa = PBXBuildFile; fileRef = 0086C0EF1FAA82EE0089BBE1 /* Page2ViewController.swift */; };
		0086C0F21FAA82EE0089BBE1 /* Page2ViewController.xib in Resources */ = {isa = PBXBuildFile; fileRef = 0086C0F01FAA82EE0089BBE1 /* Page2ViewController.xib */; };
		0086C0F51FAA82FB0089BBE1 /* Page3ViewController.swift in Sources */ = {isa = PBXBuildFile; fileRef = 0086C0F31FAA82FB0089BBE1 /* Page3ViewController.swift */; };
		0086C0F61FAA82FB0089BBE1 /* Page3ViewController.xib in Resources */ = {isa = PBXBuildFile; fileRef = 0086C0F41FAA82FB0089BBE1 /* Page3ViewController.xib */; };
		0086C0F81FAA84410089BBE1 /* BaseFlowController.swift in Sources */ = {isa = PBXBuildFile; fileRef = 0086C0F71FAA84410089BBE1 /* BaseFlowController.swift */; };
		0086C0F91FAA84410089BBE1 /* BaseFlowController.swift in Sources */ = {isa = PBXBuildFile; fileRef = 0086C0F71FAA84410089BBE1 /* BaseFlowController.swift */; };
		009267921FAA699800C7602D /* FlowController.swift in Sources */ = {isa = PBXBuildFile; fileRef = 009267911FAA699800C7602D /* FlowController.swift */; };
		009267931FAA699800C7602D /* FlowController.swift in Sources */ = {isa = PBXBuildFile; fileRef = 009267911FAA699800C7602D /* FlowController.swift */; };
		009267951FAA6B5D00C7602D /* Flowable.swift in Sources */ = {isa = PBXBuildFile; fileRef = 009267941FAA6B5D00C7602D /* Flowable.swift */; };
		009267961FAA6B5D00C7602D /* Flowable.swift in Sources */ = {isa = PBXBuildFile; fileRef = 009267941FAA6B5D00C7602D /* Flowable.swift */; };
		A14E0B291E1F9ECC00DFC788 /* Imperio.framework in Frameworks */ = {isa = PBXBuildFile; fileRef = A14E0B1F1E1F9ECC00DFC788 /* Imperio.framework */; };
		A14E0B471E1F9EDE00DFC788 /* Imperio.framework in Frameworks */ = {isa = PBXBuildFile; fileRef = A14E0B3E1E1F9EDD00DFC788 /* Imperio.framework */; };
/* End PBXBuildFile section */

/* Begin PBXContainerItemProxy section */
		0086C0D01FAA70CC0089BBE1 /* PBXContainerItemProxy */ = {
			isa = PBXContainerItemProxy;
			containerPortal = A14E0B161E1F9ECC00DFC788 /* Project object */;
			proxyType = 1;
			remoteGlobalIDString = A14E0B1E1E1F9ECC00DFC788;
			remoteInfo = "Imperio-iOS";
		};
		A14E0B2A1E1F9ECC00DFC788 /* PBXContainerItemProxy */ = {
			isa = PBXContainerItemProxy;
			containerPortal = A14E0B161E1F9ECC00DFC788 /* Project object */;
			proxyType = 1;
			remoteGlobalIDString = A14E0B1E1E1F9ECC00DFC788;
			remoteInfo = Imperio;
		};
		A14E0B481E1F9EDE00DFC788 /* PBXContainerItemProxy */ = {
			isa = PBXContainerItemProxy;
			containerPortal = A14E0B161E1F9ECC00DFC788 /* Project object */;
			proxyType = 1;
			remoteGlobalIDString = A14E0B3D1E1F9EDD00DFC788;
			remoteInfo = "Imperio-tvOS";
		};
/* End PBXContainerItemProxy section */

/* Begin PBXCopyFilesBuildPhase section */
		0086C0D21FAA70CD0089BBE1 /* Embed Frameworks */ = {
			isa = PBXCopyFilesBuildPhase;
			buildActionMask = 2147483647;
			dstPath = "";
			dstSubfolderSpec = 10;
			files = (
				0086C0CF1FAA70CC0089BBE1 /* Imperio.framework in Embed Frameworks */,
			);
			name = "Embed Frameworks";
			runOnlyForDeploymentPostprocessing = 0;
		};
/* End PBXCopyFilesBuildPhase section */

/* Begin PBXFileReference section */
		0086C0AF1FAA6F920089BBE1 /* Imperio-Demo.app */ = {isa = PBXFileReference; explicitFileType = wrapper.application; includeInIndex = 0; path = "Imperio-Demo.app"; sourceTree = BUILT_PRODUCTS_DIR; };
		0086C0C51FAA70550089BBE1 /* Assets.xcassets */ = {isa = PBXFileReference; lastKnownFileType = folder.assetcatalog; path = Assets.xcassets; sourceTree = "<group>"; };
		0086C0C71FAA70550089BBE1 /* Base */ = {isa = PBXFileReference; lastKnownFileType = file.storyboard; name = Base; path = Base.lproj/LaunchScreen.storyboard; sourceTree = "<group>"; };
		0086C0C91FAA70550089BBE1 /* Info.plist */ = {isa = PBXFileReference; lastKnownFileType = text.plist.xml; path = Info.plist; sourceTree = "<group>"; };
		0086C0CA1FAA70550089BBE1 /* AppDelegate.swift */ = {isa = PBXFileReference; lastKnownFileType = sourcecode.swift; path = AppDelegate.swift; sourceTree = "<group>"; };
		0086C0D31FAA70F00089BBE1 /* ImagePickerFlowController.swift */ = {isa = PBXFileReference; lastKnownFileType = sourcecode.swift; path = ImagePickerFlowController.swift; sourceTree = "<group>"; };
		0086C0D51FAA71300089BBE1 /* TutorialFlowController.swift */ = {isa = PBXFileReference; lastKnownFileType = sourcecode.swift; path = TutorialFlowController.swift; sourceTree = "<group>"; };
		0086C0DE1FAA725E0089BBE1 /* Main.storyboard */ = {isa = PBXFileReference; lastKnownFileType = file.storyboard; path = Main.storyboard; sourceTree = "<group>"; };
		0086C0E01FAA72700089BBE1 /* MainViewController.swift */ = {isa = PBXFileReference; lastKnownFileType = sourcecode.swift; path = MainViewController.swift; sourceTree = "<group>"; };
		0086C0E31FAA73CB0089BBE1 /* MainFlowController.swift */ = {isa = PBXFileReference; lastKnownFileType = sourcecode.swift; path = MainFlowController.swift; sourceTree = "<group>"; };
		0086C0E81FAA7C770089BBE1 /* InitialFlowController.swift */ = {isa = PBXFileReference; lastKnownFileType = sourcecode.swift; path = InitialFlowController.swift; sourceTree = "<group>"; };
		0086C0EB1FAA82DE0089BBE1 /* Page1ViewController.swift */ = {isa = PBXFileReference; lastKnownFileType = sourcecode.swift; path = Page1ViewController.swift; sourceTree = "<group>"; };
		0086C0EC1FAA82DE0089BBE1 /* Page1ViewController.xib */ = {isa = PBXFileReference; lastKnownFileType = file.xib; path = Page1ViewController.xib; sourceTree = "<group>"; };
		0086C0EF1FAA82EE0089BBE1 /* Page2ViewController.swift */ = {isa = PBXFileReference; lastKnownFileType = sourcecode.swift; path = Page2ViewController.swift; sourceTree = "<group>"; };
		0086C0F01FAA82EE0089BBE1 /* Page2ViewController.xib */ = {isa = PBXFileReference; lastKnownFileType = file.xib; path = Page2ViewController.xib; sourceTree = "<group>"; };
		0086C0F31FAA82FB0089BBE1 /* Page3ViewController.swift */ = {isa = PBXFileReference; lastKnownFileType = sourcecode.swift; path = Page3ViewController.swift; sourceTree = "<group>"; };
		0086C0F41FAA82FB0089BBE1 /* Page3ViewController.xib */ = {isa = PBXFileReference; lastKnownFileType = file.xib; path = Page3ViewController.xib; sourceTree = "<group>"; };
		0086C0F71FAA84410089BBE1 /* BaseFlowController.swift */ = {isa = PBXFileReference; lastKnownFileType = sourcecode.swift; path = BaseFlowController.swift; sourceTree = "<group>"; };
		0092678D1FAA67B600C7602D /* Info.plist */ = {isa = PBXFileReference; lastKnownFileType = text.plist.xml; path = Info.plist; sourceTree = "<group>"; };
		0092678F1FAA68F700C7602D /* Info.plist */ = {isa = PBXFileReference; lastKnownFileType = text.plist.xml; path = Info.plist; sourceTree = "<group>"; };
		009267911FAA699800C7602D /* FlowController.swift */ = {isa = PBXFileReference; lastKnownFileType = sourcecode.swift; path = FlowController.swift; sourceTree = "<group>"; };
		009267941FAA6B5D00C7602D /* Flowable.swift */ = {isa = PBXFileReference; lastKnownFileType = sourcecode.swift; path = Flowable.swift; sourceTree = "<group>"; };
		82C76D061E4214C60027B35F /* README.md */ = {isa = PBXFileReference; lastKnownFileType = net.daringfireball.markdown; path = README.md; sourceTree = "<group>"; };
		82C76D071E4215110027B35F /* .swiftlint.yml */ = {isa = PBXFileReference; lastKnownFileType = text; path = .swiftlint.yml; sourceTree = "<group>"; };
		82C76D081E4215240027B35F /* Package.swift */ = {isa = PBXFileReference; lastKnownFileType = sourcecode.swift; path = Package.swift; sourceTree = "<group>"; };
		82C76D091E4215480027B35F /* Imperio.podspec */ = {isa = PBXFileReference; lastKnownFileType = text; path = Imperio.podspec; sourceTree = "<group>"; };
		82C76D0A1E4221FD0027B35F /* LICENSE.md */ = {isa = PBXFileReference; lastKnownFileType = net.daringfireball.markdown; path = LICENSE.md; sourceTree = "<group>"; };
		A14E0B1F1E1F9ECC00DFC788 /* Imperio.framework */ = {isa = PBXFileReference; explicitFileType = wrapper.framework; includeInIndex = 0; path = Imperio.framework; sourceTree = BUILT_PRODUCTS_DIR; };
		A14E0B281E1F9ECC00DFC788 /* Imperio-iOS Tests.xctest */ = {isa = PBXFileReference; explicitFileType = wrapper.cfbundle; includeInIndex = 0; path = "Imperio-iOS Tests.xctest"; sourceTree = BUILT_PRODUCTS_DIR; };
		A14E0B3E1E1F9EDD00DFC788 /* Imperio.framework */ = {isa = PBXFileReference; explicitFileType = wrapper.framework; includeInIndex = 0; path = Imperio.framework; sourceTree = BUILT_PRODUCTS_DIR; };
		A14E0B461E1F9EDE00DFC788 /* Imperio-tvOS Tests.xctest */ = {isa = PBXFileReference; explicitFileType = wrapper.cfbundle; includeInIndex = 0; path = "Imperio-tvOS Tests.xctest"; sourceTree = BUILT_PRODUCTS_DIR; };
/* End PBXFileReference section */

/* Begin PBXFrameworksBuildPhase section */
		0086C0AC1FAA6F920089BBE1 /* Frameworks */ = {
			isa = PBXFrameworksBuildPhase;
			buildActionMask = 2147483647;
			files = (
				0086C0CE1FAA70CC0089BBE1 /* Imperio.framework in Frameworks */,
			);
			runOnlyForDeploymentPostprocessing = 0;
		};
		A14E0B1B1E1F9ECC00DFC788 /* Frameworks */ = {
			isa = PBXFrameworksBuildPhase;
			buildActionMask = 2147483647;
			files = (
			);
			runOnlyForDeploymentPostprocessing = 0;
		};
		A14E0B251E1F9ECC00DFC788 /* Frameworks */ = {
			isa = PBXFrameworksBuildPhase;
			buildActionMask = 2147483647;
			files = (
				A14E0B291E1F9ECC00DFC788 /* Imperio.framework in Frameworks */,
			);
			runOnlyForDeploymentPostprocessing = 0;
		};
		A14E0B3A1E1F9EDD00DFC788 /* Frameworks */ = {
			isa = PBXFrameworksBuildPhase;
			buildActionMask = 2147483647;
			files = (
			);
			runOnlyForDeploymentPostprocessing = 0;
		};
		A14E0B431E1F9EDE00DFC788 /* Frameworks */ = {
			isa = PBXFrameworksBuildPhase;
			buildActionMask = 2147483647;
			files = (
				A14E0B471E1F9EDE00DFC788 /* Imperio.framework in Frameworks */,
			);
			runOnlyForDeploymentPostprocessing = 0;
		};
/* End PBXFrameworksBuildPhase section */

/* Begin PBXGroup section */
		0086C0C31FAA70550089BBE1 /* Demo */ = {
			isa = PBXGroup;
			children = (
				0086C0CA1FAA70550089BBE1 /* AppDelegate.swift */,
				0086C0C61FAA70550089BBE1 /* LaunchScreen.storyboard */,
				0086C0C51FAA70550089BBE1 /* Assets.xcassets */,
				0086C0E21FAA72D10089BBE1 /* Main */,
				0086C0C41FAA70550089BBE1 /* Modules */,
				0086C0C81FAA70550089BBE1 /* SupportingFiles */,
			);
			path = Demo;
			sourceTree = "<group>";
		};
		0086C0C41FAA70550089BBE1 /* Modules */ = {
			isa = PBXGroup;
			children = (
				0086C0CC1FAA709A0089BBE1 /* ImagePicker */,
				0086C0CB1FAA70920089BBE1 /* Tutorial */,
			);
			path = Modules;
			sourceTree = "<group>";
		};
		0086C0C81FAA70550089BBE1 /* SupportingFiles */ = {
			isa = PBXGroup;
			children = (
				0086C0C91FAA70550089BBE1 /* Info.plist */,
			);
			path = SupportingFiles;
			sourceTree = "<group>";
		};
		0086C0CB1FAA70920089BBE1 /* Tutorial */ = {
			isa = PBXGroup;
			children = (
				0086C0D51FAA71300089BBE1 /* TutorialFlowController.swift */,
				0086C0EB1FAA82DE0089BBE1 /* Page1ViewController.swift */,
				0086C0EC1FAA82DE0089BBE1 /* Page1ViewController.xib */,
				0086C0EF1FAA82EE0089BBE1 /* Page2ViewController.swift */,
				0086C0F01FAA82EE0089BBE1 /* Page2ViewController.xib */,
				0086C0F31FAA82FB0089BBE1 /* Page3ViewController.swift */,
				0086C0F41FAA82FB0089BBE1 /* Page3ViewController.xib */,
			);
			path = Tutorial;
			sourceTree = "<group>";
		};
		0086C0CC1FAA709A0089BBE1 /* ImagePicker */ = {
			isa = PBXGroup;
			children = (
				0086C0D31FAA70F00089BBE1 /* ImagePickerFlowController.swift */,
			);
			path = ImagePicker;
			sourceTree = "<group>";
		};
		0086C0E21FAA72D10089BBE1 /* Main */ = {
			isa = PBXGroup;
			children = (
				0086C0E31FAA73CB0089BBE1 /* MainFlowController.swift */,
				0086C0E01FAA72700089BBE1 /* MainViewController.swift */,
				0086C0DE1FAA725E0089BBE1 /* Main.storyboard */,
			);
			path = Main;
			sourceTree = "<group>";
		};
		0092678A1FAA67B600C7602D /* Sources */ = {
			isa = PBXGroup;
			children = (
				009267901FAA697E00C7602D /* Code */,
				0092678E1FAA68F700C7602D /* SupportingFiles */,
			);
			path = Sources;
			sourceTree = "<group>";
		};
		0092678B1FAA67B600C7602D /* Tests */ = {
			isa = PBXGroup;
			children = (
				0092678C1FAA67B600C7602D /* Supporting Files */,
			);
			path = Tests;
			sourceTree = "<group>";
		};
		0092678C1FAA67B600C7602D /* Supporting Files */ = {
			isa = PBXGroup;
			children = (
				0092678D1FAA67B600C7602D /* Info.plist */,
			);
			path = "Supporting Files";
			sourceTree = "<group>";
		};
		0092678E1FAA68F700C7602D /* SupportingFiles */ = {
			isa = PBXGroup;
			children = (
				0092678F1FAA68F700C7602D /* Info.plist */,
			);
			path = SupportingFiles;
			sourceTree = "<group>";
		};
		009267901FAA697E00C7602D /* Code */ = {
			isa = PBXGroup;
			children = (
				0086C0F71FAA84410089BBE1 /* BaseFlowController.swift */,
				009267911FAA699800C7602D /* FlowController.swift */,
				0086C0E81FAA7C770089BBE1 /* InitialFlowController.swift */,
				009267941FAA6B5D00C7602D /* Flowable.swift */,
			);
			path = Code;
			sourceTree = "<group>";
		};
		A14E0B151E1F9ECC00DFC788 = {
			isa = PBXGroup;
			children = (
				A14E0B8E1E1F9FD400DFC788 /* Root Files */,
				0086C0C31FAA70550089BBE1 /* Demo */,
				0092678A1FAA67B600C7602D /* Sources */,
				0092678B1FAA67B600C7602D /* Tests */,
				A14E0B201E1F9ECC00DFC788 /* Products */,
			);
			sourceTree = "<group>";
		};
		A14E0B201E1F9ECC00DFC788 /* Products */ = {
			isa = PBXGroup;
			children = (
				A14E0B1F1E1F9ECC00DFC788 /* Imperio.framework */,
				A14E0B281E1F9ECC00DFC788 /* Imperio-iOS Tests.xctest */,
				A14E0B3E1E1F9EDD00DFC788 /* Imperio.framework */,
				A14E0B461E1F9EDE00DFC788 /* Imperio-tvOS Tests.xctest */,
				0086C0AF1FAA6F920089BBE1 /* Imperio-Demo.app */,
			);
			name = Products;
			sourceTree = "<group>";
		};
		A14E0B8E1E1F9FD400DFC788 /* Root Files */ = {
			isa = PBXGroup;
			children = (
				82C76D071E4215110027B35F /* .swiftlint.yml */,
				82C76D091E4215480027B35F /* Imperio.podspec */,
				82C76D0A1E4221FD0027B35F /* LICENSE.md */,
				82C76D081E4215240027B35F /* Package.swift */,
				82C76D061E4214C60027B35F /* README.md */,
			);
			name = "Root Files";
			sourceTree = "<group>";
		};
/* End PBXGroup section */

/* Begin PBXHeadersBuildPhase section */
		A14E0B1C1E1F9ECC00DFC788 /* Headers */ = {
			isa = PBXHeadersBuildPhase;
			buildActionMask = 2147483647;
			files = (
			);
			runOnlyForDeploymentPostprocessing = 0;
		};
		A14E0B3B1E1F9EDD00DFC788 /* Headers */ = {
			isa = PBXHeadersBuildPhase;
			buildActionMask = 2147483647;
			files = (
			);
			runOnlyForDeploymentPostprocessing = 0;
		};
/* End PBXHeadersBuildPhase section */

/* Begin PBXNativeTarget section */
		0086C0AE1FAA6F920089BBE1 /* Imperio-Demo */ = {
			isa = PBXNativeTarget;
			buildConfigurationList = 0086C0BE1FAA6F920089BBE1 /* Build configuration list for PBXNativeTarget "Imperio-Demo" */;
			buildPhases = (
				0086C0AB1FAA6F920089BBE1 /* Sources */,
				0086C0AC1FAA6F920089BBE1 /* Frameworks */,
				0086C0AD1FAA6F920089BBE1 /* Resources */,
				0086C0D21FAA70CD0089BBE1 /* Embed Frameworks */,
			);
			buildRules = (
			);
			dependencies = (
				0086C0D11FAA70CC0089BBE1 /* PBXTargetDependency */,
			);
			name = "Imperio-Demo";
			productName = "Imperio-Demo";
			productReference = 0086C0AF1FAA6F920089BBE1 /* Imperio-Demo.app */;
			productType = "com.apple.product-type.application";
		};
		A14E0B1E1E1F9ECC00DFC788 /* Imperio-iOS */ = {
			isa = PBXNativeTarget;
			buildConfigurationList = A14E0B331E1F9ECC00DFC788 /* Build configuration list for PBXNativeTarget "Imperio-iOS" */;
			buildPhases = (
				A14E0B1A1E1F9ECC00DFC788 /* Sources */,
				A14E0B1B1E1F9ECC00DFC788 /* Frameworks */,
				A14E0B1C1E1F9ECC00DFC788 /* Headers */,
				A14E0B1D1E1F9ECC00DFC788 /* Resources */,
				82C76D0C1E4222300027B35F /* Run Swift Linter */,
			);
			buildRules = (
			);
			dependencies = (
			);
			name = "Imperio-iOS";
			productName = Imperio;
			productReference = A14E0B1F1E1F9ECC00DFC788 /* Imperio.framework */;
			productType = "com.apple.product-type.framework";
		};
		A14E0B271E1F9ECC00DFC788 /* Imperio-iOS Tests */ = {
			isa = PBXNativeTarget;
			buildConfigurationList = A14E0B361E1F9ECC00DFC788 /* Build configuration list for PBXNativeTarget "Imperio-iOS Tests" */;
			buildPhases = (
				A14E0B241E1F9ECC00DFC788 /* Sources */,
				A14E0B251E1F9ECC00DFC788 /* Frameworks */,
				A14E0B261E1F9ECC00DFC788 /* Resources */,
			);
			buildRules = (
			);
			dependencies = (
				A14E0B2B1E1F9ECC00DFC788 /* PBXTargetDependency */,
			);
			name = "Imperio-iOS Tests";
			productName = ImperioTests;
			productReference = A14E0B281E1F9ECC00DFC788 /* Imperio-iOS Tests.xctest */;
			productType = "com.apple.product-type.bundle.unit-test";
		};
		A14E0B3D1E1F9EDD00DFC788 /* Imperio-tvOS */ = {
			isa = PBXNativeTarget;
			buildConfigurationList = A14E0B4F1E1F9EDE00DFC788 /* Build configuration list for PBXNativeTarget "Imperio-tvOS" */;
			buildPhases = (
				A14E0B391E1F9EDD00DFC788 /* Sources */,
				A14E0B3A1E1F9EDD00DFC788 /* Frameworks */,
				A14E0B3B1E1F9EDD00DFC788 /* Headers */,
				A14E0B3C1E1F9EDD00DFC788 /* Resources */,
			);
			buildRules = (
			);
			dependencies = (
			);
			name = "Imperio-tvOS";
			productName = "Imperio-tvOS";
			productReference = A14E0B3E1E1F9EDD00DFC788 /* Imperio.framework */;
			productType = "com.apple.product-type.framework";
		};
		A14E0B451E1F9EDE00DFC788 /* Imperio-tvOS Tests */ = {
			isa = PBXNativeTarget;
			buildConfigurationList = A14E0B521E1F9EDE00DFC788 /* Build configuration list for PBXNativeTarget "Imperio-tvOS Tests" */;
			buildPhases = (
				A14E0B421E1F9EDE00DFC788 /* Sources */,
				A14E0B431E1F9EDE00DFC788 /* Frameworks */,
				A14E0B441E1F9EDE00DFC788 /* Resources */,
			);
			buildRules = (
			);
			dependencies = (
				A14E0B491E1F9EDE00DFC788 /* PBXTargetDependency */,
			);
			name = "Imperio-tvOS Tests";
			productName = "Imperio-tvOSTests";
			productReference = A14E0B461E1F9EDE00DFC788 /* Imperio-tvOS Tests.xctest */;
			productType = "com.apple.product-type.bundle.unit-test";
		};
/* End PBXNativeTarget section */

/* Begin PBXProject section */
		A14E0B161E1F9ECC00DFC788 /* Project object */ = {
			isa = PBXProject;
			attributes = {
				LastSwiftUpdateCheck = 0900;
				LastUpgradeCheck = 0900;
				ORGANIZATIONNAME = Flinesoft;
				TargetAttributes = {
					0086C0AE1FAA6F920089BBE1 = {
						CreatedOnToolsVersion = 9.0;
						DevelopmentTeam = DB7EUU9D79;
						LastSwiftMigration = 0900;
						ProvisioningStyle = Automatic;
					};
					A14E0B1E1E1F9ECC00DFC788 = {
						CreatedOnToolsVersion = 8.2.1;
						DevelopmentTeam = DB7EUU9D79;
						LastSwiftMigration = 0900;
						ProvisioningStyle = Automatic;
					};
					A14E0B271E1F9ECC00DFC788 = {
						CreatedOnToolsVersion = 8.2.1;
						DevelopmentTeam = DB7EUU9D79;
						ProvisioningStyle = Automatic;
					};
					A14E0B3D1E1F9EDD00DFC788 = {
						CreatedOnToolsVersion = 8.2.1;
						LastSwiftMigration = 0900;
						ProvisioningStyle = Automatic;
					};
					A14E0B451E1F9EDE00DFC788 = {
						CreatedOnToolsVersion = 8.2.1;
						DevelopmentTeam = DB7EUU9D79;
						ProvisioningStyle = Automatic;
					};
				};
			};
			buildConfigurationList = A14E0B191E1F9ECC00DFC788 /* Build configuration list for PBXProject "Imperio" */;
			compatibilityVersion = "Xcode 3.2";
			developmentRegion = English;
			hasScannedForEncodings = 0;
			knownRegions = (
				en,
				Base,
			);
			mainGroup = A14E0B151E1F9ECC00DFC788;
			productRefGroup = A14E0B201E1F9ECC00DFC788 /* Products */;
			projectDirPath = "";
			projectRoot = "";
			targets = (
				0086C0AE1FAA6F920089BBE1 /* Imperio-Demo */,
				A14E0B1E1E1F9ECC00DFC788 /* Imperio-iOS */,
				A14E0B271E1F9ECC00DFC788 /* Imperio-iOS Tests */,
				A14E0B3D1E1F9EDD00DFC788 /* Imperio-tvOS */,
				A14E0B451E1F9EDE00DFC788 /* Imperio-tvOS Tests */,
			);
		};
/* End PBXProject section */

/* Begin PBXResourcesBuildPhase section */
		0086C0AD1FAA6F920089BBE1 /* Resources */ = {
			isa = PBXResourcesBuildPhase;
			buildActionMask = 2147483647;
			files = (
				0086C0F21FAA82EE0089BBE1 /* Page2ViewController.xib in Resources */,
				0086C0DF1FAA725E0089BBE1 /* Main.storyboard in Resources */,
				0086C0EE1FAA82DE0089BBE1 /* Page1ViewController.xib in Resources */,
				0086C0F61FAA82FB0089BBE1 /* Page3ViewController.xib in Resources */,
				0086C0E71FAA74490089BBE1 /* Assets.xcassets in Resources */,
				0086C0E61FAA743D0089BBE1 /* LaunchScreen.storyboard in Resources */,
			);
			runOnlyForDeploymentPostprocessing = 0;
		};
		A14E0B1D1E1F9ECC00DFC788 /* Resources */ = {
			isa = PBXResourcesBuildPhase;
			buildActionMask = 2147483647;
			files = (
			);
			runOnlyForDeploymentPostprocessing = 0;
		};
		A14E0B261E1F9ECC00DFC788 /* Resources */ = {
			isa = PBXResourcesBuildPhase;
			buildActionMask = 2147483647;
			files = (
			);
			runOnlyForDeploymentPostprocessing = 0;
		};
		A14E0B3C1E1F9EDD00DFC788 /* Resources */ = {
			isa = PBXResourcesBuildPhase;
			buildActionMask = 2147483647;
			files = (
			);
			runOnlyForDeploymentPostprocessing = 0;
		};
		A14E0B441E1F9EDE00DFC788 /* Resources */ = {
			isa = PBXResourcesBuildPhase;
			buildActionMask = 2147483647;
			files = (
			);
			runOnlyForDeploymentPostprocessing = 0;
		};
/* End PBXResourcesBuildPhase section */

/* Begin PBXShellScriptBuildPhase section */
		82C76D0C1E4222300027B35F /* Run Swift Linter */ = {
			isa = PBXShellScriptBuildPhase;
			buildActionMask = 2147483647;
			files = (
			);
			inputPaths = (
			);
			name = "Run Swift Linter";
			outputPaths = (
			);
			runOnlyForDeploymentPostprocessing = 0;
			shellPath = /bin/sh;
			shellScript = "if which swiftlint > /dev/null; then\nswiftlint\nelse\n    echo \"SwiftLint not installed, download it from https://github.com/realm/SwiftLint\"\nfi";
		};
/* End PBXShellScriptBuildPhase section */

/* Begin PBXSourcesBuildPhase section */
		0086C0AB1FAA6F920089BBE1 /* Sources */ = {
			isa = PBXSourcesBuildPhase;
			buildActionMask = 2147483647;
			files = (
				0086C0E51FAA74360089BBE1 /* AppDelegate.swift in Sources */,
				0086C0D41FAA70F00089BBE1 /* ImagePickerFlowController.swift in Sources */,
				0086C0E11FAA72700089BBE1 /* MainViewController.swift in Sources */,
				0086C0F51FAA82FB0089BBE1 /* Page3ViewController.swift in Sources */,
				0086C0ED1FAA82DE0089BBE1 /* Page1ViewController.swift in Sources */,
				0086C0E41FAA73CB0089BBE1 /* MainFlowController.swift in Sources */,
				0086C0D61FAA71300089BBE1 /* TutorialFlowController.swift in Sources */,
				0086C0F11FAA82EE0089BBE1 /* Page2ViewController.swift in Sources */,
			);
			runOnlyForDeploymentPostprocessing = 0;
		};
		A14E0B1A1E1F9ECC00DFC788 /* Sources */ = {
			isa = PBXSourcesBuildPhase;
			buildActionMask = 2147483647;
			files = (
				0086C0E91FAA7C770089BBE1 /* InitialFlowController.swift in Sources */,
				009267921FAA699800C7602D /* FlowController.swift in Sources */,
				0086C0F81FAA84410089BBE1 /* BaseFlowController.swift in Sources */,
				009267951FAA6B5D00C7602D /* Flowable.swift in Sources */,
			);
			runOnlyForDeploymentPostprocessing = 0;
		};
		A14E0B241E1F9ECC00DFC788 /* Sources */ = {
			isa = PBXSourcesBuildPhase;
			buildActionMask = 2147483647;
			files = (
			);
			runOnlyForDeploymentPostprocessing = 0;
		};
		A14E0B391E1F9EDD00DFC788 /* Sources */ = {
			isa = PBXSourcesBuildPhase;
			buildActionMask = 2147483647;
			files = (
				0086C0EA1FAA7C770089BBE1 /* InitialFlowController.swift in Sources */,
				009267931FAA699800C7602D /* FlowController.swift in Sources */,
				0086C0F91FAA84410089BBE1 /* BaseFlowController.swift in Sources */,
				009267961FAA6B5D00C7602D /* Flowable.swift in Sources */,
			);
			runOnlyForDeploymentPostprocessing = 0;
		};
		A14E0B421E1F9EDE00DFC788 /* Sources */ = {
			isa = PBXSourcesBuildPhase;
			buildActionMask = 2147483647;
			files = (
			);
			runOnlyForDeploymentPostprocessing = 0;
		};
/* End PBXSourcesBuildPhase section */

/* Begin PBXTargetDependency section */
		0086C0D11FAA70CC0089BBE1 /* PBXTargetDependency */ = {
			isa = PBXTargetDependency;
			target = A14E0B1E1E1F9ECC00DFC788 /* Imperio-iOS */;
			targetProxy = 0086C0D01FAA70CC0089BBE1 /* PBXContainerItemProxy */;
		};
		A14E0B2B1E1F9ECC00DFC788 /* PBXTargetDependency */ = {
			isa = PBXTargetDependency;
			target = A14E0B1E1E1F9ECC00DFC788 /* Imperio-iOS */;
			targetProxy = A14E0B2A1E1F9ECC00DFC788 /* PBXContainerItemProxy */;
		};
		A14E0B491E1F9EDE00DFC788 /* PBXTargetDependency */ = {
			isa = PBXTargetDependency;
			target = A14E0B3D1E1F9EDD00DFC788 /* Imperio-tvOS */;
			targetProxy = A14E0B481E1F9EDE00DFC788 /* PBXContainerItemProxy */;
		};
/* End PBXTargetDependency section */

/* Begin PBXVariantGroup section */
		0086C0C61FAA70550089BBE1 /* LaunchScreen.storyboard */ = {
			isa = PBXVariantGroup;
			children = (
				0086C0C71FAA70550089BBE1 /* Base */,
			);
			name = LaunchScreen.storyboard;
			sourceTree = "<group>";
		};
/* End PBXVariantGroup section */

/* Begin XCBuildConfiguration section */
		0086C0BF1FAA6F920089BBE1 /* Debug */ = {
			isa = XCBuildConfiguration;
			buildSettings = {
				ALWAYS_EMBED_SWIFT_STANDARD_LIBRARIES = YES;
				ASSETCATALOG_COMPILER_APPICON_NAME = AppIcon;
				CLANG_ANALYZER_NUMBER_OBJECT_CONVERSION = YES_AGGRESSIVE;
				CLANG_CXX_LANGUAGE_STANDARD = "gnu++14";
				CLANG_ENABLE_MODULES = YES;
				CLANG_WARN_BLOCK_CAPTURE_AUTORELEASING = YES;
				CLANG_WARN_COMMA = YES;
				CLANG_WARN_NON_LITERAL_NULL_CONVERSION = YES;
				CLANG_WARN_OBJC_LITERAL_CONVERSION = YES;
				CLANG_WARN_RANGE_LOOP_ANALYSIS = YES;
				CLANG_WARN_STRICT_PROTOTYPES = YES;
				CLANG_WARN_UNGUARDED_AVAILABILITY = YES_AGGRESSIVE;
				CODE_SIGN_IDENTITY = "iPhone Developer";
				CODE_SIGN_STYLE = Automatic;
				DEVELOPMENT_TEAM = DB7EUU9D79;
				GCC_C_LANGUAGE_STANDARD = gnu11;
				INFOPLIST_FILE = Demo/SupportingFiles/Info.plist;
				IPHONEOS_DEPLOYMENT_TARGET = 11.0;
				LD_RUNPATH_SEARCH_PATHS = "$(inherited) @executable_path/Frameworks";
				PRODUCT_BUNDLE_IDENTIFIER = "com.flinesoft.Imperio-Demo";
				PRODUCT_NAME = "$(TARGET_NAME)";
				SWIFT_OPTIMIZATION_LEVEL = "-Onone";
				TARGETED_DEVICE_FAMILY = "1,2";
			};
			name = Debug;
		};
		0086C0C01FAA6F920089BBE1 /* Release */ = {
			isa = XCBuildConfiguration;
			buildSettings = {
				ALWAYS_EMBED_SWIFT_STANDARD_LIBRARIES = YES;
				ASSETCATALOG_COMPILER_APPICON_NAME = AppIcon;
				CLANG_ANALYZER_NUMBER_OBJECT_CONVERSION = YES_AGGRESSIVE;
				CLANG_CXX_LANGUAGE_STANDARD = "gnu++14";
				CLANG_ENABLE_MODULES = YES;
				CLANG_WARN_BLOCK_CAPTURE_AUTORELEASING = YES;
				CLANG_WARN_COMMA = YES;
				CLANG_WARN_NON_LITERAL_NULL_CONVERSION = YES;
				CLANG_WARN_OBJC_LITERAL_CONVERSION = YES;
				CLANG_WARN_RANGE_LOOP_ANALYSIS = YES;
				CLANG_WARN_STRICT_PROTOTYPES = YES;
				CLANG_WARN_UNGUARDED_AVAILABILITY = YES_AGGRESSIVE;
				CODE_SIGN_IDENTITY = "iPhone Developer";
				CODE_SIGN_STYLE = Automatic;
				DEVELOPMENT_TEAM = DB7EUU9D79;
				GCC_C_LANGUAGE_STANDARD = gnu11;
				INFOPLIST_FILE = Demo/SupportingFiles/Info.plist;
				IPHONEOS_DEPLOYMENT_TARGET = 11.0;
				LD_RUNPATH_SEARCH_PATHS = "$(inherited) @executable_path/Frameworks";
				PRODUCT_BUNDLE_IDENTIFIER = "com.flinesoft.Imperio-Demo";
				PRODUCT_NAME = "$(TARGET_NAME)";
				TARGETED_DEVICE_FAMILY = "1,2";
			};
			name = Release;
		};
		A14E0B311E1F9ECC00DFC788 /* Debug */ = {
			isa = XCBuildConfiguration;
			buildSettings = {
				ALWAYS_SEARCH_USER_PATHS = NO;
				CLANG_ANALYZER_NONNULL = YES;
				CLANG_CXX_LANGUAGE_STANDARD = "gnu++0x";
				CLANG_CXX_LIBRARY = "libc++";
				CLANG_ENABLE_MODULES = YES;
				CLANG_ENABLE_OBJC_ARC = YES;
				CLANG_WARN_BLOCK_CAPTURE_AUTORELEASING = YES;
				CLANG_WARN_BOOL_CONVERSION = YES;
				CLANG_WARN_COMMA = YES;
				CLANG_WARN_CONSTANT_CONVERSION = YES;
				CLANG_WARN_DIRECT_OBJC_ISA_USAGE = YES_ERROR;
				CLANG_WARN_DOCUMENTATION_COMMENTS = YES;
				CLANG_WARN_EMPTY_BODY = YES;
				CLANG_WARN_ENUM_CONVERSION = YES;
				CLANG_WARN_INFINITE_RECURSION = YES;
				CLANG_WARN_INT_CONVERSION = YES;
				CLANG_WARN_NON_LITERAL_NULL_CONVERSION = YES;
				CLANG_WARN_OBJC_LITERAL_CONVERSION = YES;
				CLANG_WARN_OBJC_ROOT_CLASS = YES_ERROR;
				CLANG_WARN_RANGE_LOOP_ANALYSIS = YES;
				CLANG_WARN_STRICT_PROTOTYPES = YES;
				CLANG_WARN_SUSPICIOUS_MOVE = YES;
				CLANG_WARN_UNREACHABLE_CODE = YES;
				CLANG_WARN__DUPLICATE_METHOD_MATCH = YES;
				"CODE_SIGN_IDENTITY[sdk=iphoneos*]" = "iPhone Developer";
				COPY_PHASE_STRIP = NO;
				CURRENT_PROJECT_VERSION = 1;
				DEBUG_INFORMATION_FORMAT = dwarf;
				ENABLE_STRICT_OBJC_MSGSEND = YES;
				ENABLE_TESTABILITY = YES;
				GCC_C_LANGUAGE_STANDARD = gnu99;
				GCC_DYNAMIC_NO_PIC = NO;
				GCC_NO_COMMON_BLOCKS = YES;
				GCC_OPTIMIZATION_LEVEL = 0;
				GCC_PREPROCESSOR_DEFINITIONS = (
					"DEBUG=1",
					"$(inherited)",
				);
				GCC_WARN_64_TO_32_BIT_CONVERSION = YES;
				GCC_WARN_ABOUT_RETURN_TYPE = YES_ERROR;
				GCC_WARN_UNDECLARED_SELECTOR = YES;
				GCC_WARN_UNINITIALIZED_AUTOS = YES_AGGRESSIVE;
				GCC_WARN_UNUSED_FUNCTION = YES;
				GCC_WARN_UNUSED_VARIABLE = YES;
				IPHONEOS_DEPLOYMENT_TARGET = 8.0;
				MTL_ENABLE_DEBUG_INFO = YES;
				ONLY_ACTIVE_ARCH = YES;
				SDKROOT = iphoneos;
				SWIFT_ACTIVE_COMPILATION_CONDITIONS = DEBUG;
				SWIFT_OPTIMIZATION_LEVEL = "-Onone";
				SWIFT_VERSION = 4.0;
				TARGETED_DEVICE_FAMILY = "1,2";
				TVOS_DEPLOYMENT_TARGET = 9.0;
				VERSIONING_SYSTEM = "apple-generic";
				VERSION_INFO_PREFIX = "";
			};
			name = Debug;
		};
		A14E0B321E1F9ECC00DFC788 /* Release */ = {
			isa = XCBuildConfiguration;
			buildSettings = {
				ALWAYS_SEARCH_USER_PATHS = NO;
				CLANG_ANALYZER_NONNULL = YES;
				CLANG_CXX_LANGUAGE_STANDARD = "gnu++0x";
				CLANG_CXX_LIBRARY = "libc++";
				CLANG_ENABLE_MODULES = YES;
				CLANG_ENABLE_OBJC_ARC = YES;
				CLANG_WARN_BLOCK_CAPTURE_AUTORELEASING = YES;
				CLANG_WARN_BOOL_CONVERSION = YES;
				CLANG_WARN_COMMA = YES;
				CLANG_WARN_CONSTANT_CONVERSION = YES;
				CLANG_WARN_DIRECT_OBJC_ISA_USAGE = YES_ERROR;
				CLANG_WARN_DOCUMENTATION_COMMENTS = YES;
				CLANG_WARN_EMPTY_BODY = YES;
				CLANG_WARN_ENUM_CONVERSION = YES;
				CLANG_WARN_INFINITE_RECURSION = YES;
				CLANG_WARN_INT_CONVERSION = YES;
				CLANG_WARN_NON_LITERAL_NULL_CONVERSION = YES;
				CLANG_WARN_OBJC_LITERAL_CONVERSION = YES;
				CLANG_WARN_OBJC_ROOT_CLASS = YES_ERROR;
				CLANG_WARN_RANGE_LOOP_ANALYSIS = YES;
				CLANG_WARN_STRICT_PROTOTYPES = YES;
				CLANG_WARN_SUSPICIOUS_MOVE = YES;
				CLANG_WARN_UNREACHABLE_CODE = YES;
				CLANG_WARN__DUPLICATE_METHOD_MATCH = YES;
				"CODE_SIGN_IDENTITY[sdk=iphoneos*]" = "iPhone Developer";
				COPY_PHASE_STRIP = NO;
				CURRENT_PROJECT_VERSION = 1;
				DEBUG_INFORMATION_FORMAT = "dwarf-with-dsym";
				ENABLE_NS_ASSERTIONS = NO;
				ENABLE_STRICT_OBJC_MSGSEND = YES;
				GCC_C_LANGUAGE_STANDARD = gnu99;
				GCC_NO_COMMON_BLOCKS = YES;
				GCC_WARN_64_TO_32_BIT_CONVERSION = YES;
				GCC_WARN_ABOUT_RETURN_TYPE = YES_ERROR;
				GCC_WARN_UNDECLARED_SELECTOR = YES;
				GCC_WARN_UNINITIALIZED_AUTOS = YES_AGGRESSIVE;
				GCC_WARN_UNUSED_FUNCTION = YES;
				GCC_WARN_UNUSED_VARIABLE = YES;
				IPHONEOS_DEPLOYMENT_TARGET = 8.0;
				MTL_ENABLE_DEBUG_INFO = NO;
				SDKROOT = iphoneos;
				SWIFT_OPTIMIZATION_LEVEL = "-Owholemodule";
				SWIFT_VERSION = 4.0;
				TARGETED_DEVICE_FAMILY = "1,2";
				TVOS_DEPLOYMENT_TARGET = 9.0;
				VALIDATE_PRODUCT = YES;
				VERSIONING_SYSTEM = "apple-generic";
				VERSION_INFO_PREFIX = "";
			};
			name = Release;
		};
		A14E0B341E1F9ECC00DFC788 /* Debug */ = {
			isa = XCBuildConfiguration;
			buildSettings = {
				CLANG_ENABLE_MODULES = YES;
				CODE_SIGN_IDENTITY = "iPhone Developer";
				"CODE_SIGN_IDENTITY[sdk=iphoneos*]" = "";
				DEFINES_MODULE = YES;
				DEVELOPMENT_TEAM = DB7EUU9D79;
				DYLIB_COMPATIBILITY_VERSION = 1;
				DYLIB_CURRENT_VERSION = 1;
				DYLIB_INSTALL_NAME_BASE = "@rpath";
				FRAMEWORK_SEARCH_PATHS = (
					"$(inherited)",
					"$(PROJECT_DIR)/Carthage/Build/iOS",
				);
				INFOPLIST_FILE = Sources/SupportingFiles/Info.plist;
				INSTALL_PATH = "$(LOCAL_LIBRARY_DIR)/Frameworks";
				LD_RUNPATH_SEARCH_PATHS = "$(inherited) @executable_path/Frameworks @loader_path/Frameworks";
				PRODUCT_BUNDLE_IDENTIFIER = com.flinesoft.Imperio;
				PRODUCT_NAME = Imperio;
				SKIP_INSTALL = YES;
				SWIFT_OPTIMIZATION_LEVEL = "-Onone";
			};
			name = Debug;
		};
		A14E0B351E1F9ECC00DFC788 /* Release */ = {
			isa = XCBuildConfiguration;
			buildSettings = {
				CLANG_ENABLE_MODULES = YES;
				CODE_SIGN_IDENTITY = "iPhone Developer";
				"CODE_SIGN_IDENTITY[sdk=iphoneos*]" = "";
				DEFINES_MODULE = YES;
				DEVELOPMENT_TEAM = DB7EUU9D79;
				DYLIB_COMPATIBILITY_VERSION = 1;
				DYLIB_CURRENT_VERSION = 1;
				DYLIB_INSTALL_NAME_BASE = "@rpath";
				FRAMEWORK_SEARCH_PATHS = (
					"$(inherited)",
					"$(PROJECT_DIR)/Carthage/Build/iOS",
				);
				INFOPLIST_FILE = Sources/SupportingFiles/Info.plist;
				INSTALL_PATH = "$(LOCAL_LIBRARY_DIR)/Frameworks";
				LD_RUNPATH_SEARCH_PATHS = "$(inherited) @executable_path/Frameworks @loader_path/Frameworks";
				PRODUCT_BUNDLE_IDENTIFIER = com.flinesoft.Imperio;
				PRODUCT_NAME = Imperio;
				SKIP_INSTALL = YES;
			};
			name = Release;
		};
		A14E0B371E1F9ECC00DFC788 /* Debug */ = {
			isa = XCBuildConfiguration;
			buildSettings = {
				ALWAYS_EMBED_SWIFT_STANDARD_LIBRARIES = YES;
				DEVELOPMENT_TEAM = DB7EUU9D79;
				INFOPLIST_FILE = Tests/SupportingFiles/Info.plist;
				LD_RUNPATH_SEARCH_PATHS = "$(inherited) @executable_path/Frameworks @loader_path/Frameworks";
				PRODUCT_BUNDLE_IDENTIFIER = com.flinesoft.ImperioTests;
				PRODUCT_NAME = "$(TARGET_NAME)";
			};
			name = Debug;
		};
		A14E0B381E1F9ECC00DFC788 /* Release */ = {
			isa = XCBuildConfiguration;
			buildSettings = {
				ALWAYS_EMBED_SWIFT_STANDARD_LIBRARIES = YES;
				DEVELOPMENT_TEAM = DB7EUU9D79;
				INFOPLIST_FILE = Tests/SupportingFiles/Info.plist;
				LD_RUNPATH_SEARCH_PATHS = "$(inherited) @executable_path/Frameworks @loader_path/Frameworks";
				PRODUCT_BUNDLE_IDENTIFIER = com.flinesoft.ImperioTests;
				PRODUCT_NAME = "$(TARGET_NAME)";
			};
			name = Release;
		};
		A14E0B501E1F9EDE00DFC788 /* Debug */ = {
			isa = XCBuildConfiguration;
			buildSettings = {
				CLANG_ENABLE_MODULES = YES;
				CODE_SIGN_IDENTITY = "";
				DEFINES_MODULE = YES;
				DEVELOPMENT_TEAM = "";
				DYLIB_COMPATIBILITY_VERSION = 1;
				DYLIB_CURRENT_VERSION = 1;
				DYLIB_INSTALL_NAME_BASE = "@rpath";
				FRAMEWORK_SEARCH_PATHS = (
					"$(inherited)",
					"$(PROJECT_DIR)/Carthage/Build/tvOS",
				);
				INFOPLIST_FILE = Sources/SupportingFiles/Info.plist;
				INSTALL_PATH = "$(LOCAL_LIBRARY_DIR)/Frameworks";
				LD_RUNPATH_SEARCH_PATHS = "$(inherited) @executable_path/Frameworks @loader_path/Frameworks";
				PRODUCT_BUNDLE_IDENTIFIER = com.flinesoft.Imperio;
				PRODUCT_NAME = Imperio;
				SDKROOT = appletvos;
				SKIP_INSTALL = YES;
				SWIFT_OPTIMIZATION_LEVEL = "-Onone";
				TARGETED_DEVICE_FAMILY = 3;
			};
			name = Debug;
		};
		A14E0B511E1F9EDE00DFC788 /* Release */ = {
			isa = XCBuildConfiguration;
			buildSettings = {
				CLANG_ENABLE_MODULES = YES;
				CODE_SIGN_IDENTITY = "";
				DEFINES_MODULE = YES;
				DEVELOPMENT_TEAM = "";
				DYLIB_COMPATIBILITY_VERSION = 1;
				DYLIB_CURRENT_VERSION = 1;
				DYLIB_INSTALL_NAME_BASE = "@rpath";
				FRAMEWORK_SEARCH_PATHS = (
					"$(inherited)",
					"$(PROJECT_DIR)/Carthage/Build/tvOS",
				);
				INFOPLIST_FILE = Sources/SupportingFiles/Info.plist;
				INSTALL_PATH = "$(LOCAL_LIBRARY_DIR)/Frameworks";
				LD_RUNPATH_SEARCH_PATHS = "$(inherited) @executable_path/Frameworks @loader_path/Frameworks";
				PRODUCT_BUNDLE_IDENTIFIER = com.flinesoft.Imperio;
				PRODUCT_NAME = Imperio;
				SDKROOT = appletvos;
				SKIP_INSTALL = YES;
				TARGETED_DEVICE_FAMILY = 3;
			};
			name = Release;
		};
		A14E0B531E1F9EDE00DFC788 /* Debug */ = {
			isa = XCBuildConfiguration;
			buildSettings = {
				ALWAYS_EMBED_SWIFT_STANDARD_LIBRARIES = YES;
				DEVELOPMENT_TEAM = DB7EUU9D79;
				INFOPLIST_FILE = Tests/SupportingFiles/Info.plist;
				LD_RUNPATH_SEARCH_PATHS = "$(inherited) @executable_path/Frameworks @loader_path/Frameworks";
				PRODUCT_BUNDLE_IDENTIFIER = "com.flinesoft.Imperio-tvOSTests";
				PRODUCT_NAME = "$(TARGET_NAME)";
				SDKROOT = appletvos;
				TVOS_DEPLOYMENT_TARGET = 10.1;
			};
			name = Debug;
		};
		A14E0B541E1F9EDE00DFC788 /* Release */ = {
			isa = XCBuildConfiguration;
			buildSettings = {
				ALWAYS_EMBED_SWIFT_STANDARD_LIBRARIES = YES;
				DEVELOPMENT_TEAM = DB7EUU9D79;
				INFOPLIST_FILE = Tests/SupportingFiles/Info.plist;
				LD_RUNPATH_SEARCH_PATHS = "$(inherited) @executable_path/Frameworks @loader_path/Frameworks";
				PRODUCT_BUNDLE_IDENTIFIER = "com.flinesoft.Imperio-tvOSTests";
				PRODUCT_NAME = "$(TARGET_NAME)";
				SDKROOT = appletvos;
				TVOS_DEPLOYMENT_TARGET = 10.1;
			};
			name = Release;
		};
/* End XCBuildConfiguration section */

/* Begin XCConfigurationList section */
		0086C0BE1FAA6F920089BBE1 /* Build configuration list for PBXNativeTarget "Imperio-Demo" */ = {
			isa = XCConfigurationList;
			buildConfigurations = (
				0086C0BF1FAA6F920089BBE1 /* Debug */,
				0086C0C01FAA6F920089BBE1 /* Release */,
			);
			defaultConfigurationIsVisible = 0;
			defaultConfigurationName = Release;
		};
		A14E0B191E1F9ECC00DFC788 /* Build configuration list for PBXProject "Imperio" */ = {
			isa = XCConfigurationList;
			buildConfigurations = (
				A14E0B311E1F9ECC00DFC788 /* Debug */,
				A14E0B321E1F9ECC00DFC788 /* Release */,
			);
			defaultConfigurationIsVisible = 0;
			defaultConfigurationName = Release;
		};
		A14E0B331E1F9ECC00DFC788 /* Build configuration list for PBXNativeTarget "Imperio-iOS" */ = {
			isa = XCConfigurationList;
			buildConfigurations = (
				A14E0B341E1F9ECC00DFC788 /* Debug */,
				A14E0B351E1F9ECC00DFC788 /* Release */,
			);
			defaultConfigurationIsVisible = 0;
			defaultConfigurationName = Release;
		};
		A14E0B361E1F9ECC00DFC788 /* Build configuration list for PBXNativeTarget "Imperio-iOS Tests" */ = {
			isa = XCConfigurationList;
			buildConfigurations = (
				A14E0B371E1F9ECC00DFC788 /* Debug */,
				A14E0B381E1F9ECC00DFC788 /* Release */,
			);
			defaultConfigurationIsVisible = 0;
			defaultConfigurationName = Release;
		};
		A14E0B4F1E1F9EDE00DFC788 /* Build configuration list for PBXNativeTarget "Imperio-tvOS" */ = {
			isa = XCConfigurationList;
			buildConfigurations = (
				A14E0B501E1F9EDE00DFC788 /* Debug */,
				A14E0B511E1F9EDE00DFC788 /* Release */,
			);
			defaultConfigurationIsVisible = 0;
			defaultConfigurationName = Release;
		};
		A14E0B521E1F9EDE00DFC788 /* Build configuration list for PBXNativeTarget "Imperio-tvOS Tests" */ = {
			isa = XCConfigurationList;
			buildConfigurations = (
				A14E0B531E1F9EDE00DFC788 /* Debug */,
				A14E0B541E1F9EDE00DFC788 /* Release */,
			);
			defaultConfigurationIsVisible = 0;
			defaultConfigurationName = Release;
		};
/* End XCConfigurationList section */
	};
	rootObject = A14E0B161E1F9ECC00DFC788 /* Project object */;
}
